
Microsoft Visual Studio Solution File, Format Version 12.00
# Visual Studio Version 17
VisualStudioVersion = 17.6.33829.357
MinimumVisualStudioVersion = 10.0.40219.1
Project("{9A19103F-16F7-4668-BE54-9A1E7A4F7556}") = "xnrs", "xrns\xnrs.csproj", "{12EE466A-0CDB-41C1-A9F9-A2717751BFE6}"
EndProject
Global
	GlobalSection(SolutionConfigurationPlatforms) = preSolution
		Debug|Any CPU = Debug|Any CPU
		Debug|x86 = Debug|x86
		Release|Any CPU = Release|Any CPU
		Release|x86 = Release|x86
	EndGlobalSection
	GlobalSection(ProjectConfigurationPlatforms) = postSolution
		{12EE466A-0CDB-41C1-A9F9-A2717751BFE6}.Debug|Any CPU.ActiveCfg = Debug|Any CPU
		{12EE466A-0CDB-41C1-A9F9-A2717751BFE6}.Debug|Any CPU.Build.0 = Debug|Any CPU
		{12EE466A-0CDB-41C1-A9F9-A2717751BFE6}.Debug|x86.ActiveCfg = Debug|x86
		{12EE466A-0CDB-41C1-A9F9-A2717751BFE6}.Debug|x86.Build.0 = Debug|x86
		{12EE466A-0CDB-41C1-A9F9-A2717751BFE6}.Release|Any CPU.ActiveCfg = Release|Any CPU
		{12EE466A-0CDB-41C1-A9F9-A2717751BFE6}.Release|Any CPU.Build.0 = Release|Any CPU
		{12EE466A-0CDB-41C1-A9F9-A2717751BFE6}.Release|x86.ActiveCfg = Release|x86
		{12EE466A-0CDB-41C1-A9F9-A2717751BFE6}.Release|x86.Build.0 = Release|x86
	EndGlobalSection
	GlobalSection(SolutionProperties) = preSolution
		HideSolutionNode = FALSE
	EndGlobalSection
	GlobalSection(ExtensibilityGlobals) = postSolution
		SolutionGuid = {CFB1B054-5AA2-42BD-A708-91E5194D3722}
	EndGlobalSection
EndGlobal
